
Microsoft Visual Studio Solution File, Format Version 12.00
# Visual Studio Version 17
VisualStudioVersion = 17.10.35013.160
MinimumVisualStudioVersion = 10.0.40219.1
Project("{FAE04EC0-301F-11D3-BF4B-00C04F79EFBC}") = "XPM_Server", "XPM_Server\XPM_Server.csproj", "{4C62D29C-3B9F-4939-8829-27AD19CB963D}"
EndProject
Global
	GlobalSection(SolutionConfigurationPlatforms) = preSolution
		Debug|Any CPU = Debug|Any CPU
		Release|Any CPU = Release|Any CPU
	EndGlobalSection
	GlobalSection(ProjectConfigurationPlatforms) = postSolution
		{4C62D29C-3B9F-4939-8829-27AD19CB963D}.Debug|Any CPU.ActiveCfg = Debug|Any CPU
		{4C62D29C-3B9F-4939-8829-27AD19CB963D}.Debug|Any CPU.Build.0 = Debug|Any CPU
		{4C62D29C-3B9F-4939-8829-27AD19CB963D}.Release|Any CPU.ActiveCfg = Release|Any CPU
		{4C62D29C-3B9F-4939-8829-27AD19CB963D}.Release|Any CPU.Build.0 = Release|Any CPU
	EndGlobalSection
	GlobalSection(SolutionProperties) = preSolution
		HideSolutionNode = FALSE
	EndGlobalSection
	GlobalSection(ExtensibilityGlobals) = postSolution
		SolutionGuid = {9971572E-6121-4F13-89F3-B14F75F625F3}
	EndGlobalSection
EndGlobal
